# This file is automatically @generated by Cargo.
# It is not intended for manual editing.
version = 4

[[package]]
name = "operator-cli"
version = "0.1.0"
dependencies = [
 "operator-core",
 "operator-runtime",
]

[[package]]
name = "operator-core"
version = "0.1.0"

[[package]]
name = "operator-platform-macos"
version = "0.1.0"
dependencies = [
 "operator-core",
]

[[package]]
name = "operator-runtime"
version = "0.1.0"
dependencies = [
 "operator-core",
]

[[package]]
name = "operator-testkit"
version = "0.1.0"
dependencies = [
 "operator-core",
 "operator-runtime",
]
